
Microsoft Visual Studio Solution File, Format Version 12.00
# Visual Studio 14
VisualStudioVersion = 14.0.25420.1
MinimumVisualStudioVersion = 10.0.40219.1
Project("{EDCC3B85-0BAD-11DB-BC1A-00112FDE8B61}") = "Atla.Lang", "Atla.Lang\Atla.Lang.nproj", "{36EE31AD-C404-4F33-A3E5-887D27F3BED0}"
EndProject
Project("{EDCC3B85-0BAD-11DB-BC1A-00112FDE8B61}") = "Test", "Test\Test.nproj", "{01C055DE-F793-48CB-B7C9-3F4B4674E418}"
EndProject
Global
	GlobalSection(SolutionConfigurationPlatforms) = preSolution
		Debug|Any CPU = Debug|Any CPU
		Release|Any CPU = Release|Any CPU
	EndGlobalSection
	GlobalSection(ProjectConfigurationPlatforms) = postSolution
		{36EE31AD-C404-4F33-A3E5-887D27F3BED0}.Debug|Any CPU.ActiveCfg = Debug|Any CPU
		{36EE31AD-C404-4F33-A3E5-887D27F3BED0}.Debug|Any CPU.Build.0 = Debug|Any CPU
		{36EE31AD-C404-4F33-A3E5-887D27F3BED0}.Release|Any CPU.ActiveCfg = Release|Any CPU
		{36EE31AD-C404-4F33-A3E5-887D27F3BED0}.Release|Any CPU.Build.0 = Release|Any CPU
		{01C055DE-F793-48CB-B7C9-3F4B4674E418}.Debug|Any CPU.ActiveCfg = Debug|Any CPU
		{01C055DE-F793-48CB-B7C9-3F4B4674E418}.Debug|Any CPU.Build.0 = Debug|Any CPU
		{01C055DE-F793-48CB-B7C9-3F4B4674E418}.Release|Any CPU.ActiveCfg = Release|Any CPU
		{01C055DE-F793-48CB-B7C9-3F4B4674E418}.Release|Any CPU.Build.0 = Release|Any CPU
	EndGlobalSection
	GlobalSection(SolutionProperties) = preSolution
		HideSolutionNode = FALSE
	EndGlobalSection
EndGlobal
